
Microsoft Visual Studio Solution File, Format Version 12.00
# Visual Studio 15
VisualStudioVersion = 15.0.28307.421
MinimumVisualStudioVersion = 10.0.40219.1
Project("{2150E333-8FDC-42A3-9474-1A3956D46DE8}") = "DBs", "DBs", "{F87D12DA-6B09-4523-B688-95FD672F9101}"
EndProject
Project("{FAE04EC0-301F-11D3-BF4B-00C04F79EFBC}") = "WDbOracle", "WDbOracle\WDbOracle.csproj", "{BAC10B9A-A0A3-4C68-AAAC-FAD7F43596D2}"
EndProject
Project("{FAE04EC0-301F-11D3-BF4B-00C04F79EFBC}") = "WDbMsSql", "WDbMSSQL\WDbMsSql.csproj", "{1A9021FA-6170-45B9-8B77-7529FE0ED406}"
EndProject
Project("{FAE04EC0-301F-11D3-BF4B-00C04F79EFBC}") = "PipeExercises", "Tests\PipeExercises.csproj", "{4E43FD56-49C2-4326-AF09-64C596B6D431}"
EndProject
Project("{2150E333-8FDC-42A3-9474-1A3956D46DE8}") = "Pipe", "Pipe", "{D4D4A539-2561-40D9-8254-5E94AFEFDAAE}"
EndProject
Project("{9A19103F-16F7-4668-BE54-9A1E7A4F7556}") = "WOilca", "WOilca\WOilca.csproj", "{FAE3CB39-725C-45F4-84D9-FE19F3E850A4}"
EndProject
Project("{9A19103F-16F7-4668-BE54-9A1E7A4F7556}") = "W.Expr", "W.Expr\W.Expr.csproj", "{5CD25A31-0251-456E-823E-27B7B5ED1F0E}"
EndProject
Project("{9A19103F-16F7-4668-BE54-9A1E7A4F7556}") = "W.Common", "W.Common\W.Common.csproj", "{DC7474FD-2B67-4BE2-AAA3-2C4CDFC23915}"
EndProject
Project("{9A19103F-16F7-4668-BE54-9A1E7A4F7556}") = "W.Expr.Sql", "W.Expr.Sql\W.Expr.Sql.csproj", "{F79A2690-C9AC-4B55-A1EE-C28623555E01}"
EndProject
Project("{9A19103F-16F7-4668-BE54-9A1E7A4F7556}") = "W.Files", "W.Files\W.Files.csproj", "{C89DA1EE-98A4-4EF0-96A9-608094CA6699}"
EndProject
Project("{9A19103F-16F7-4668-BE54-9A1E7A4F7556}") = "W.Rpt", "W.Rpt\W.Rpt.csproj", "{2BC44F61-51F2-4BAE-B2E1-7085E18C9FE9}"
EndProject
Project("{9A19103F-16F7-4668-BE54-9A1E7A4F7556}") = "W.Solver", "W.Solver\W.Solver.csproj", "{EE79B847-7442-4F67-B752-552B30675E03}"
EndProject
Project("{9A19103F-16F7-4668-BE54-9A1E7A4F7556}") = "W.DB.MsSql", "W.DB.MsSql\W.DB.MsSql.csproj", "{D66BA3AC-7736-4D2F-90C5-E29B8446CB8E}"
EndProject
Project("{9A19103F-16F7-4668-BE54-9A1E7A4F7556}") = "W.DB.Oracle", "W.DB.Oracle\W.DB.Oracle.csproj", "{14A5EEEB-89CA-40D5-97C6-A933C79ECCA2}"
EndProject
Project("{9A19103F-16F7-4668-BE54-9A1E7A4F7556}") = "HydrCalcPipe", "PipeCalc\HydrCalcPipe.csproj", "{0784D887-2F2E-4F7F-9EA0-E2ADEE55B2E1}"
EndProject
Project("{2150E333-8FDC-42A3-9474-1A3956D46DE8}") = "ConfigData", "ConfigData", "{DA76DFC8-A174-49E9-8372-B8E91086DFE7}"
	ProjectSection(SolutionItems) = preProject
		ConfigData\Pipe.meta.sql = ConfigData\Pipe.meta.sql
		ConfigData\Pipe.oracle.sql = ConfigData\Pipe.oracle.sql
		ConfigData\PPM.meta.sql = ConfigData\PPM.meta.sql
		ConfigData\PPM.Test.sql = ConfigData\PPM.Test.sql
		ConfigData\Quantities.h = ConfigData\Quantities.h
	EndProjectSection
EndProject
Project("{9A19103F-16F7-4668-BE54-9A1E7A4F7556}") = "PipeNetCalc", "PipeNetCalc\PipeNetCalc.csproj", "{35A9E2BE-B399-4989-AA52-8F0F8D419CD7}"
EndProject
Global
	GlobalSection(SolutionConfigurationPlatforms) = preSolution
		Debug|Any CPU = Debug|Any CPU
		Debug|x86 = Debug|x86
		Release|Any CPU = Release|Any CPU
		Release|x86 = Release|x86
	EndGlobalSection
	GlobalSection(ProjectConfigurationPlatforms) = postSolution
		{BAC10B9A-A0A3-4C68-AAAC-FAD7F43596D2}.Debug|Any CPU.ActiveCfg = Debug|Any CPU
		{BAC10B9A-A0A3-4C68-AAAC-FAD7F43596D2}.Debug|Any CPU.Build.0 = Debug|Any CPU
		{BAC10B9A-A0A3-4C68-AAAC-FAD7F43596D2}.Debug|x86.ActiveCfg = Debug|Any CPU
		{BAC10B9A-A0A3-4C68-AAAC-FAD7F43596D2}.Debug|x86.Build.0 = Debug|Any CPU
		{BAC10B9A-A0A3-4C68-AAAC-FAD7F43596D2}.Release|Any CPU.ActiveCfg = Release|Any CPU
		{BAC10B9A-A0A3-4C68-AAAC-FAD7F43596D2}.Release|Any CPU.Build.0 = Release|Any CPU
		{BAC10B9A-A0A3-4C68-AAAC-FAD7F43596D2}.Release|x86.ActiveCfg = Release|Any CPU
		{BAC10B9A-A0A3-4C68-AAAC-FAD7F43596D2}.Release|x86.Build.0 = Release|Any CPU
		{1A9021FA-6170-45B9-8B77-7529FE0ED406}.Debug|Any CPU.ActiveCfg = Debug|Any CPU
		{1A9021FA-6170-45B9-8B77-7529FE0ED406}.Debug|Any CPU.Build.0 = Debug|Any CPU
		{1A9021FA-6170-45B9-8B77-7529FE0ED406}.Debug|x86.ActiveCfg = Debug|Any CPU
		{1A9021FA-6170-45B9-8B77-7529FE0ED406}.Debug|x86.Build.0 = Debug|Any CPU
		{1A9021FA-6170-45B9-8B77-7529FE0ED406}.Release|Any CPU.ActiveCfg = Release|Any CPU
		{1A9021FA-6170-45B9-8B77-7529FE0ED406}.Release|Any CPU.Build.0 = Release|Any CPU
		{1A9021FA-6170-45B9-8B77-7529FE0ED406}.Release|x86.ActiveCfg = Release|Any CPU
		{1A9021FA-6170-45B9-8B77-7529FE0ED406}.Release|x86.Build.0 = Release|Any CPU
		{4E43FD56-49C2-4326-AF09-64C596B6D431}.Debug|Any CPU.ActiveCfg = Debug|Any CPU
		{4E43FD56-49C2-4326-AF09-64C596B6D431}.Debug|Any CPU.Build.0 = Debug|Any CPU
		{4E43FD56-49C2-4326-AF09-64C596B6D431}.Debug|x86.ActiveCfg = Debug|Any CPU
		{4E43FD56-49C2-4326-AF09-64C596B6D431}.Debug|x86.Build.0 = Debug|Any CPU
		{4E43FD56-49C2-4326-AF09-64C596B6D431}.Release|Any CPU.ActiveCfg = Release|Any CPU
		{4E43FD56-49C2-4326-AF09-64C596B6D431}.Release|Any CPU.Build.0 = Release|Any CPU
		{4E43FD56-49C2-4326-AF09-64C596B6D431}.Release|x86.ActiveCfg = Release|Any CPU
		{4E43FD56-49C2-4326-AF09-64C596B6D431}.Release|x86.Build.0 = Release|Any CPU
		{FAE3CB39-725C-45F4-84D9-FE19F3E850A4}.Debug|Any CPU.ActiveCfg = Debug|Any CPU
		{FAE3CB39-725C-45F4-84D9-FE19F3E850A4}.Debug|Any CPU.Build.0 = Debug|Any CPU
		{FAE3CB39-725C-45F4-84D9-FE19F3E850A4}.Debug|x86.ActiveCfg = Debug|Any CPU
		{FAE3CB39-725C-45F4-84D9-FE19F3E850A4}.Debug|x86.Build.0 = Debug|Any CPU
		{FAE3CB39-725C-45F4-84D9-FE19F3E850A4}.Release|Any CPU.ActiveCfg = Release|Any CPU
		{FAE3CB39-725C-45F4-84D9-FE19F3E850A4}.Release|Any CPU.Build.0 = Release|Any CPU
		{FAE3CB39-725C-45F4-84D9-FE19F3E850A4}.Release|x86.ActiveCfg = Release|Any CPU
		{FAE3CB39-725C-45F4-84D9-FE19F3E850A4}.Release|x86.Build.0 = Release|Any CPU
		{5CD25A31-0251-456E-823E-27B7B5ED1F0E}.Debug|Any CPU.ActiveCfg = Debug|Any CPU
		{5CD25A31-0251-456E-823E-27B7B5ED1F0E}.Debug|Any CPU.Build.0 = Debug|Any CPU
		{5CD25A31-0251-456E-823E-27B7B5ED1F0E}.Debug|x86.ActiveCfg = Debug|Any CPU
		{5CD25A31-0251-456E-823E-27B7B5ED1F0E}.Debug|x86.Build.0 = Debug|Any CPU
		{5CD25A31-0251-456E-823E-27B7B5ED1F0E}.Release|Any CPU.ActiveCfg = Release|Any CPU
		{5CD25A31-0251-456E-823E-27B7B5ED1F0E}.Release|Any CPU.Build.0 = Release|Any CPU
		{5CD25A31-0251-456E-823E-27B7B5ED1F0E}.Release|x86.ActiveCfg = Release|Any CPU
		{5CD25A31-0251-456E-823E-27B7B5ED1F0E}.Release|x86.Build.0 = Release|Any CPU
		{DC7474FD-2B67-4BE2-AAA3-2C4CDFC23915}.Debug|Any CPU.ActiveCfg = Debug|Any CPU
		{DC7474FD-2B67-4BE2-AAA3-2C4CDFC23915}.Debug|Any CPU.Build.0 = Debug|Any CPU
		{DC7474FD-2B67-4BE2-AAA3-2C4CDFC23915}.Debug|x86.ActiveCfg = Debug|Any CPU
		{DC7474FD-2B67-4BE2-AAA3-2C4CDFC23915}.Debug|x86.Build.0 = Debug|Any CPU
		{DC7474FD-2B67-4BE2-AAA3-2C4CDFC23915}.Release|Any CPU.ActiveCfg = Release|Any CPU
		{DC7474FD-2B67-4BE2-AAA3-2C4CDFC23915}.Release|Any CPU.Build.0 = Release|Any CPU
		{DC7474FD-2B67-4BE2-AAA3-2C4CDFC23915}.Release|x86.ActiveCfg = Release|Any CPU
		{DC7474FD-2B67-4BE2-AAA3-2C4CDFC23915}.Release|x86.Build.0 = Release|Any CPU
		{F79A2690-C9AC-4B55-A1EE-C28623555E01}.Debug|Any CPU.ActiveCfg = Debug|Any CPU
		{F79A2690-C9AC-4B55-A1EE-C28623555E01}.Debug|Any CPU.Build.0 = Debug|Any CPU
		{F79A2690-C9AC-4B55-A1EE-C28623555E01}.Debug|x86.ActiveCfg = Debug|Any CPU
		{F79A2690-C9AC-4B55-A1EE-C28623555E01}.Debug|x86.Build.0 = Debug|Any CPU
		{F79A2690-C9AC-4B55-A1EE-C28623555E01}.Release|Any CPU.ActiveCfg = Release|Any CPU
		{F79A2690-C9AC-4B55-A1EE-C28623555E01}.Release|Any CPU.Build.0 = Release|Any CPU
		{F79A2690-C9AC-4B55-A1EE-C28623555E01}.Release|x86.ActiveCfg = Release|Any CPU
		{F79A2690-C9AC-4B55-A1EE-C28623555E01}.Release|x86.Build.0 = Release|Any CPU
		{C89DA1EE-98A4-4EF0-96A9-608094CA6699}.Debug|Any CPU.ActiveCfg = Debug|Any CPU
		{C89DA1EE-98A4-4EF0-96A9-608094CA6699}.Debug|Any CPU.Build.0 = Debug|Any CPU
		{C89DA1EE-98A4-4EF0-96A9-608094CA6699}.Debug|x86.ActiveCfg = Debug|Any CPU
		{C89DA1EE-98A4-4EF0-96A9-608094CA6699}.Debug|x86.Build.0 = Debug|Any CPU
		{C89DA1EE-98A4-4EF0-96A9-608094CA6699}.Release|Any CPU.ActiveCfg = Release|Any CPU
		{C89DA1EE-98A4-4EF0-96A9-608094CA6699}.Release|Any CPU.Build.0 = Release|Any CPU
		{C89DA1EE-98A4-4EF0-96A9-608094CA6699}.Release|x86.ActiveCfg = Release|Any CPU
		{C89DA1EE-98A4-4EF0-96A9-608094CA6699}.Release|x86.Build.0 = Release|Any CPU
		{2BC44F61-51F2-4BAE-B2E1-7085E18C9FE9}.Debug|Any CPU.ActiveCfg = Debug|Any CPU
		{2BC44F61-51F2-4BAE-B2E1-7085E18C9FE9}.Debug|Any CPU.Build.0 = Debug|Any CPU
		{2BC44F61-51F2-4BAE-B2E1-7085E18C9FE9}.Debug|x86.ActiveCfg = Debug|Any CPU
		{2BC44F61-51F2-4BAE-B2E1-7085E18C9FE9}.Debug|x86.Build.0 = Debug|Any CPU
		{2BC44F61-51F2-4BAE-B2E1-7085E18C9FE9}.Release|Any CPU.ActiveCfg = Release|Any CPU
		{2BC44F61-51F2-4BAE-B2E1-7085E18C9FE9}.Release|Any CPU.Build.0 = Release|Any CPU
		{2BC44F61-51F2-4BAE-B2E1-7085E18C9FE9}.Release|x86.ActiveCfg = Release|Any CPU
		{2BC44F61-51F2-4BAE-B2E1-7085E18C9FE9}.Release|x86.Build.0 = Release|Any CPU
		{EE79B847-7442-4F67-B752-552B30675E03}.Debug|Any CPU.ActiveCfg = Debug|Any CPU
		{EE79B847-7442-4F67-B752-552B30675E03}.Debug|Any CPU.Build.0 = Debug|Any CPU
		{EE79B847-7442-4F67-B752-552B30675E03}.Debug|x86.ActiveCfg = Debug|Any CPU
		{EE79B847-7442-4F67-B752-552B30675E03}.Debug|x86.Build.0 = Debug|Any CPU
		{EE79B847-7442-4F67-B752-552B30675E03}.Release|Any CPU.ActiveCfg = Release|Any CPU
		{EE79B847-7442-4F67-B752-552B30675E03}.Release|Any CPU.Build.0 = Release|Any CPU
		{EE79B847-7442-4F67-B752-552B30675E03}.Release|x86.ActiveCfg = Release|Any CPU
		{EE79B847-7442-4F67-B752-552B30675E03}.Release|x86.Build.0 = Release|Any CPU
		{D66BA3AC-7736-4D2F-90C5-E29B8446CB8E}.Debug|Any CPU.ActiveCfg = Debug|Any CPU
		{D66BA3AC-7736-4D2F-90C5-E29B8446CB8E}.Debug|Any CPU.Build.0 = Debug|Any CPU
		{D66BA3AC-7736-4D2F-90C5-E29B8446CB8E}.Debug|x86.ActiveCfg = Debug|Any CPU
		{D66BA3AC-7736-4D2F-90C5-E29B8446CB8E}.Debug|x86.Build.0 = Debug|Any CPU
		{D66BA3AC-7736-4D2F-90C5-E29B8446CB8E}.Release|Any CPU.ActiveCfg = Release|Any CPU
		{D66BA3AC-7736-4D2F-90C5-E29B8446CB8E}.Release|Any CPU.Build.0 = Release|Any CPU
		{D66BA3AC-7736-4D2F-90C5-E29B8446CB8E}.Release|x86.ActiveCfg = Release|Any CPU
		{D66BA3AC-7736-4D2F-90C5-E29B8446CB8E}.Release|x86.Build.0 = Release|Any CPU
		{14A5EEEB-89CA-40D5-97C6-A933C79ECCA2}.Debug|Any CPU.ActiveCfg = Debug|Any CPU
		{14A5EEEB-89CA-40D5-97C6-A933C79ECCA2}.Debug|Any CPU.Build.0 = Debug|Any CPU
		{14A5EEEB-89CA-40D5-97C6-A933C79ECCA2}.Debug|x86.ActiveCfg = Debug|Any CPU
		{14A5EEEB-89CA-40D5-97C6-A933C79ECCA2}.Debug|x86.Build.0 = Debug|Any CPU
		{14A5EEEB-89CA-40D5-97C6-A933C79ECCA2}.Release|Any CPU.ActiveCfg = Release|Any CPU
		{14A5EEEB-89CA-40D5-97C6-A933C79ECCA2}.Release|Any CPU.Build.0 = Release|Any CPU
		{14A5EEEB-89CA-40D5-97C6-A933C79ECCA2}.Release|x86.ActiveCfg = Release|Any CPU
		{14A5EEEB-89CA-40D5-97C6-A933C79ECCA2}.Release|x86.Build.0 = Release|Any CPU
		{0784D887-2F2E-4F7F-9EA0-E2ADEE55B2E1}.Debug|Any CPU.ActiveCfg = Debug|Any CPU
		{0784D887-2F2E-4F7F-9EA0-E2ADEE55B2E1}.Debug|Any CPU.Build.0 = Debug|Any CPU
		{0784D887-2F2E-4F7F-9EA0-E2ADEE55B2E1}.Debug|x86.ActiveCfg = Debug|Any CPU
		{0784D887-2F2E-4F7F-9EA0-E2ADEE55B2E1}.Debug|x86.Build.0 = Debug|Any CPU
		{0784D887-2F2E-4F7F-9EA0-E2ADEE55B2E1}.Release|Any CPU.ActiveCfg = Release|Any CPU
		{0784D887-2F2E-4F7F-9EA0-E2ADEE55B2E1}.Release|Any CPU.Build.0 = Release|Any CPU
		{0784D887-2F2E-4F7F-9EA0-E2ADEE55B2E1}.Release|x86.ActiveCfg = Release|Any CPU
		{0784D887-2F2E-4F7F-9EA0-E2ADEE55B2E1}.Release|x86.Build.0 = Release|Any CPU
		{35A9E2BE-B399-4989-AA52-8F0F8D419CD7}.Debug|Any CPU.ActiveCfg = Debug|Any CPU
		{35A9E2BE-B399-4989-AA52-8F0F8D419CD7}.Debug|Any CPU.Build.0 = Debug|Any CPU
		{35A9E2BE-B399-4989-AA52-8F0F8D419CD7}.Debug|x86.ActiveCfg = Debug|Any CPU
		{35A9E2BE-B399-4989-AA52-8F0F8D419CD7}.Debug|x86.Build.0 = Debug|Any CPU
		{35A9E2BE-B399-4989-AA52-8F0F8D419CD7}.Release|Any CPU.ActiveCfg = Release|Any CPU
		{35A9E2BE-B399-4989-AA52-8F0F8D419CD7}.Release|Any CPU.Build.0 = Release|Any CPU
		{35A9E2BE-B399-4989-AA52-8F0F8D419CD7}.Release|x86.ActiveCfg = Release|Any CPU
		{35A9E2BE-B399-4989-AA52-8F0F8D419CD7}.Release|x86.Build.0 = Release|Any CPU
	EndGlobalSection
	GlobalSection(SolutionProperties) = preSolution
		HideSolutionNode = FALSE
	EndGlobalSection
	GlobalSection(NestedProjects) = preSolution
		{BAC10B9A-A0A3-4C68-AAAC-FAD7F43596D2} = {F87D12DA-6B09-4523-B688-95FD672F9101}
		{1A9021FA-6170-45B9-8B77-7529FE0ED406} = {F87D12DA-6B09-4523-B688-95FD672F9101}
		{4E43FD56-49C2-4326-AF09-64C596B6D431} = {D4D4A539-2561-40D9-8254-5E94AFEFDAAE}
		{D66BA3AC-7736-4D2F-90C5-E29B8446CB8E} = {F87D12DA-6B09-4523-B688-95FD672F9101}
		{14A5EEEB-89CA-40D5-97C6-A933C79ECCA2} = {F87D12DA-6B09-4523-B688-95FD672F9101}
		{0784D887-2F2E-4F7F-9EA0-E2ADEE55B2E1} = {D4D4A539-2561-40D9-8254-5E94AFEFDAAE}
		{35A9E2BE-B399-4989-AA52-8F0F8D419CD7} = {D4D4A539-2561-40D9-8254-5E94AFEFDAAE}
	EndGlobalSection
	GlobalSection(ExtensibilityGlobals) = postSolution
		SolutionGuid = {27D12663-94B3-4857-83F3-BC7FE6D4994B}
	EndGlobalSection
EndGlobal
