
Microsoft Visual Studio Solution File, Format Version 12.00
# Visual Studio 15
VisualStudioVersion = 15.0.28307.421
MinimumVisualStudioVersion = 10.0.40219.1
Project("{FAE04EC0-301F-11D3-BF4B-00C04F79EFBC}") = "WCommon", "WCommon\WCommon.csproj", "{0BD50B17-DD7A-435A-9AFB-765FB606EACF}"
EndProject
Project("{FAE04EC0-301F-11D3-BF4B-00C04F79EFBC}") = "WExpr", "WExpr\WExpr.csproj", "{8A7FABB6-7422-45EB-96AC-9ECA62D088E0}"
EndProject
Project("{FAE04EC0-301F-11D3-BF4B-00C04F79EFBC}") = "WSolver", "WSolver\WSolver.csproj", "{09F078C7-8638-404D-BFA5-F79B66EAB538}"
EndProject
Project("{FAE04EC0-301F-11D3-BF4B-00C04F79EFBC}") = "WExprSql", "WExprSql\WExprSql.csproj", "{E57289B9-BDEC-4423-9788-29A334316668}"
EndProject
Project("{2150E333-8FDC-42A3-9474-1A3956D46DE8}") = "DBs", "DBs", "{F87D12DA-6B09-4523-B688-95FD672F9101}"
EndProject
Project("{FAE04EC0-301F-11D3-BF4B-00C04F79EFBC}") = "WDbOracle", "WDbOracle\WDbOracle.csproj", "{BAC10B9A-A0A3-4C68-AAAC-FAD7F43596D2}"
EndProject
Project("{FAE04EC0-301F-11D3-BF4B-00C04F79EFBC}") = "WFiles", "WFiles\WFiles.csproj", "{9AB7414E-D249-4217-AE3B-241E1A5207CF}"
EndProject
Project("{FAE04EC0-301F-11D3-BF4B-00C04F79EFBC}") = "WRpt", "WRpt\WRpt.csproj", "{B97FD2AB-285E-444C-8C64-CBA907D8F14E}"
EndProject
Project("{FAE04EC0-301F-11D3-BF4B-00C04F79EFBC}") = "WDbMsSql", "WDbMSSQL\WDbMsSql.csproj", "{1A9021FA-6170-45B9-8B77-7529FE0ED406}"
EndProject
Project("{FAE04EC0-301F-11D3-BF4B-00C04F79EFBC}") = "PipeExercises", "Tests\PipeExercises.csproj", "{4E43FD56-49C2-4326-AF09-64C596B6D431}"
EndProject
Project("{2150E333-8FDC-42A3-9474-1A3956D46DE8}") = "Pipe", "Pipe", "{D4D4A539-2561-40D9-8254-5E94AFEFDAAE}"
EndProject
Global
	GlobalSection(SolutionConfigurationPlatforms) = preSolution
		Debug|Any CPU = Debug|Any CPU
		Debug|x86 = Debug|x86
		Release|Any CPU = Release|Any CPU
		Release|x86 = Release|x86
	EndGlobalSection
	GlobalSection(ProjectConfigurationPlatforms) = postSolution
		{0BD50B17-DD7A-435A-9AFB-765FB606EACF}.Debug|Any CPU.ActiveCfg = Debug|Any CPU
		{0BD50B17-DD7A-435A-9AFB-765FB606EACF}.Debug|Any CPU.Build.0 = Debug|Any CPU
		{0BD50B17-DD7A-435A-9AFB-765FB606EACF}.Debug|x86.ActiveCfg = Debug|x86
		{0BD50B17-DD7A-435A-9AFB-765FB606EACF}.Debug|x86.Build.0 = Debug|x86
		{0BD50B17-DD7A-435A-9AFB-765FB606EACF}.Release|Any CPU.ActiveCfg = Release|Any CPU
		{0BD50B17-DD7A-435A-9AFB-765FB606EACF}.Release|Any CPU.Build.0 = Release|Any CPU
		{0BD50B17-DD7A-435A-9AFB-765FB606EACF}.Release|x86.ActiveCfg = Release|x86
		{0BD50B17-DD7A-435A-9AFB-765FB606EACF}.Release|x86.Build.0 = Release|x86
		{8A7FABB6-7422-45EB-96AC-9ECA62D088E0}.Debug|Any CPU.ActiveCfg = Debug|Any CPU
		{8A7FABB6-7422-45EB-96AC-9ECA62D088E0}.Debug|Any CPU.Build.0 = Debug|Any CPU
		{8A7FABB6-7422-45EB-96AC-9ECA62D088E0}.Debug|x86.ActiveCfg = Debug|x86
		{8A7FABB6-7422-45EB-96AC-9ECA62D088E0}.Debug|x86.Build.0 = Debug|x86
		{8A7FABB6-7422-45EB-96AC-9ECA62D088E0}.Release|Any CPU.ActiveCfg = Release|Any CPU
		{8A7FABB6-7422-45EB-96AC-9ECA62D088E0}.Release|Any CPU.Build.0 = Release|Any CPU
		{8A7FABB6-7422-45EB-96AC-9ECA62D088E0}.Release|x86.ActiveCfg = Release|x86
		{8A7FABB6-7422-45EB-96AC-9ECA62D088E0}.Release|x86.Build.0 = Release|x86
		{09F078C7-8638-404D-BFA5-F79B66EAB538}.Debug|Any CPU.ActiveCfg = Debug|Any CPU
		{09F078C7-8638-404D-BFA5-F79B66EAB538}.Debug|Any CPU.Build.0 = Debug|Any CPU
		{09F078C7-8638-404D-BFA5-F79B66EAB538}.Debug|x86.ActiveCfg = Debug|x86
		{09F078C7-8638-404D-BFA5-F79B66EAB538}.Debug|x86.Build.0 = Debug|x86
		{09F078C7-8638-404D-BFA5-F79B66EAB538}.Release|Any CPU.ActiveCfg = Release|Any CPU
		{09F078C7-8638-404D-BFA5-F79B66EAB538}.Release|Any CPU.Build.0 = Release|Any CPU
		{09F078C7-8638-404D-BFA5-F79B66EAB538}.Release|x86.ActiveCfg = Release|x86
		{09F078C7-8638-404D-BFA5-F79B66EAB538}.Release|x86.Build.0 = Release|x86
		{E57289B9-BDEC-4423-9788-29A334316668}.Debug|Any CPU.ActiveCfg = Debug|Any CPU
		{E57289B9-BDEC-4423-9788-29A334316668}.Debug|Any CPU.Build.0 = Debug|Any CPU
		{E57289B9-BDEC-4423-9788-29A334316668}.Debug|x86.ActiveCfg = Debug|x86
		{E57289B9-BDEC-4423-9788-29A334316668}.Debug|x86.Build.0 = Debug|x86
		{E57289B9-BDEC-4423-9788-29A334316668}.Release|Any CPU.ActiveCfg = Release|Any CPU
		{E57289B9-BDEC-4423-9788-29A334316668}.Release|Any CPU.Build.0 = Release|Any CPU
		{E57289B9-BDEC-4423-9788-29A334316668}.Release|x86.ActiveCfg = Release|x86
		{E57289B9-BDEC-4423-9788-29A334316668}.Release|x86.Build.0 = Release|x86
		{BAC10B9A-A0A3-4C68-AAAC-FAD7F43596D2}.Debug|Any CPU.ActiveCfg = Debug|Any CPU
		{BAC10B9A-A0A3-4C68-AAAC-FAD7F43596D2}.Debug|Any CPU.Build.0 = Debug|Any CPU
		{BAC10B9A-A0A3-4C68-AAAC-FAD7F43596D2}.Debug|x86.ActiveCfg = Debug|Any CPU
		{BAC10B9A-A0A3-4C68-AAAC-FAD7F43596D2}.Debug|x86.Build.0 = Debug|Any CPU
		{BAC10B9A-A0A3-4C68-AAAC-FAD7F43596D2}.Release|Any CPU.ActiveCfg = Release|Any CPU
		{BAC10B9A-A0A3-4C68-AAAC-FAD7F43596D2}.Release|Any CPU.Build.0 = Release|Any CPU
		{BAC10B9A-A0A3-4C68-AAAC-FAD7F43596D2}.Release|x86.ActiveCfg = Release|Any CPU
		{BAC10B9A-A0A3-4C68-AAAC-FAD7F43596D2}.Release|x86.Build.0 = Release|Any CPU
		{9AB7414E-D249-4217-AE3B-241E1A5207CF}.Debug|Any CPU.ActiveCfg = Debug|Any CPU
		{9AB7414E-D249-4217-AE3B-241E1A5207CF}.Debug|Any CPU.Build.0 = Debug|Any CPU
		{9AB7414E-D249-4217-AE3B-241E1A5207CF}.Debug|x86.ActiveCfg = Debug|Any CPU
		{9AB7414E-D249-4217-AE3B-241E1A5207CF}.Debug|x86.Build.0 = Debug|Any CPU
		{9AB7414E-D249-4217-AE3B-241E1A5207CF}.Release|Any CPU.ActiveCfg = Release|Any CPU
		{9AB7414E-D249-4217-AE3B-241E1A5207CF}.Release|Any CPU.Build.0 = Release|Any CPU
		{9AB7414E-D249-4217-AE3B-241E1A5207CF}.Release|x86.ActiveCfg = Release|Any CPU
		{9AB7414E-D249-4217-AE3B-241E1A5207CF}.Release|x86.Build.0 = Release|Any CPU
		{B97FD2AB-285E-444C-8C64-CBA907D8F14E}.Debug|Any CPU.ActiveCfg = Debug|Any CPU
		{B97FD2AB-285E-444C-8C64-CBA907D8F14E}.Debug|Any CPU.Build.0 = Debug|Any CPU
		{B97FD2AB-285E-444C-8C64-CBA907D8F14E}.Debug|x86.ActiveCfg = Debug|x86
		{B97FD2AB-285E-444C-8C64-CBA907D8F14E}.Debug|x86.Build.0 = Debug|x86
		{B97FD2AB-285E-444C-8C64-CBA907D8F14E}.Release|Any CPU.ActiveCfg = Release|Any CPU
		{B97FD2AB-285E-444C-8C64-CBA907D8F14E}.Release|Any CPU.Build.0 = Release|Any CPU
		{B97FD2AB-285E-444C-8C64-CBA907D8F14E}.Release|x86.ActiveCfg = Release|x86
		{B97FD2AB-285E-444C-8C64-CBA907D8F14E}.Release|x86.Build.0 = Release|x86
		{1A9021FA-6170-45B9-8B77-7529FE0ED406}.Debug|Any CPU.ActiveCfg = Debug|Any CPU
		{1A9021FA-6170-45B9-8B77-7529FE0ED406}.Debug|Any CPU.Build.0 = Debug|Any CPU
		{1A9021FA-6170-45B9-8B77-7529FE0ED406}.Debug|x86.ActiveCfg = Debug|Any CPU
		{1A9021FA-6170-45B9-8B77-7529FE0ED406}.Debug|x86.Build.0 = Debug|Any CPU
		{1A9021FA-6170-45B9-8B77-7529FE0ED406}.Release|Any CPU.ActiveCfg = Release|Any CPU
		{1A9021FA-6170-45B9-8B77-7529FE0ED406}.Release|Any CPU.Build.0 = Release|Any CPU
		{1A9021FA-6170-45B9-8B77-7529FE0ED406}.Release|x86.ActiveCfg = Release|Any CPU
		{1A9021FA-6170-45B9-8B77-7529FE0ED406}.Release|x86.Build.0 = Release|Any CPU
		{4E43FD56-49C2-4326-AF09-64C596B6D431}.Debug|Any CPU.ActiveCfg = Debug|Any CPU
		{4E43FD56-49C2-4326-AF09-64C596B6D431}.Debug|Any CPU.Build.0 = Debug|Any CPU
		{4E43FD56-49C2-4326-AF09-64C596B6D431}.Debug|x86.ActiveCfg = Debug|Any CPU
		{4E43FD56-49C2-4326-AF09-64C596B6D431}.Debug|x86.Build.0 = Debug|Any CPU
		{4E43FD56-49C2-4326-AF09-64C596B6D431}.Release|Any CPU.ActiveCfg = Release|Any CPU
		{4E43FD56-49C2-4326-AF09-64C596B6D431}.Release|Any CPU.Build.0 = Release|Any CPU
		{4E43FD56-49C2-4326-AF09-64C596B6D431}.Release|x86.ActiveCfg = Release|Any CPU
		{4E43FD56-49C2-4326-AF09-64C596B6D431}.Release|x86.Build.0 = Release|Any CPU
	EndGlobalSection
	GlobalSection(SolutionProperties) = preSolution
		HideSolutionNode = FALSE
	EndGlobalSection
	GlobalSection(NestedProjects) = preSolution
		{E57289B9-BDEC-4423-9788-29A334316668} = {F87D12DA-6B09-4523-B688-95FD672F9101}
		{BAC10B9A-A0A3-4C68-AAAC-FAD7F43596D2} = {F87D12DA-6B09-4523-B688-95FD672F9101}
		{1A9021FA-6170-45B9-8B77-7529FE0ED406} = {F87D12DA-6B09-4523-B688-95FD672F9101}
		{4E43FD56-49C2-4326-AF09-64C596B6D431} = {D4D4A539-2561-40D9-8254-5E94AFEFDAAE}
	EndGlobalSection
	GlobalSection(ExtensibilityGlobals) = postSolution
		SolutionGuid = {27D12663-94B3-4857-83F3-BC7FE6D4994B}
	EndGlobalSection
EndGlobal
